
Microsoft Visual Studio Solution File, Format Version 12.00
# Visual Studio Version 16
VisualStudioVersion = 16.0.32510.428
MinimumVisualStudioVersion = 10.0.40219.1
Project("{FAE04EC0-301F-11D3-BF4B-00C04F79EFBC}") = "Codigo_014", "Codigo_014\Codigo_014.csproj", "{07BC5675-26CC-4BC4-BDEC-12347D5BD7AF}"
EndProject
Global
	GlobalSection(SolutionConfigurationPlatforms) = preSolution
		Debug|Any CPU = Debug|Any CPU
		Release|Any CPU = Release|Any CPU
	EndGlobalSection
	GlobalSection(ProjectConfigurationPlatforms) = postSolution
		{07BC5675-26CC-4BC4-BDEC-12347D5BD7AF}.Debug|Any CPU.ActiveCfg = Debug|Any CPU
		{07BC5675-26CC-4BC4-BDEC-12347D5BD7AF}.Debug|Any CPU.Build.0 = Debug|Any CPU
		{07BC5675-26CC-4BC4-BDEC-12347D5BD7AF}.Release|Any CPU.ActiveCfg = Release|Any CPU
		{07BC5675-26CC-4BC4-BDEC-12347D5BD7AF}.Release|Any CPU.Build.0 = Release|Any CPU
	EndGlobalSection
	GlobalSection(SolutionProperties) = preSolution
		HideSolutionNode = FALSE
	EndGlobalSection
	GlobalSection(ExtensibilityGlobals) = postSolution
		SolutionGuid = {45F5C43F-FAD2-40DC-83EA-7062AFAAD636}
	EndGlobalSection
EndGlobal
