
Microsoft Visual Studio Solution File, Format Version 12.00
# Visual Studio Version 16
VisualStudioVersion = 16.0.32602.291
MinimumVisualStudioVersion = 10.0.40219.1
Project("{FAE04EC0-301F-11D3-BF4B-00C04F79EFBC}") = "Codigo_035", "Codigo_035\Codigo_035.csproj", "{82893BFB-FDB8-4ECD-8327-DB252EEF0109}"
EndProject
Global
	GlobalSection(SolutionConfigurationPlatforms) = preSolution
		Debug|Any CPU = Debug|Any CPU
		Release|Any CPU = Release|Any CPU
	EndGlobalSection
	GlobalSection(ProjectConfigurationPlatforms) = postSolution
		{82893BFB-FDB8-4ECD-8327-DB252EEF0109}.Debug|Any CPU.ActiveCfg = Debug|Any CPU
		{82893BFB-FDB8-4ECD-8327-DB252EEF0109}.Debug|Any CPU.Build.0 = Debug|Any CPU
		{82893BFB-FDB8-4ECD-8327-DB252EEF0109}.Release|Any CPU.ActiveCfg = Release|Any CPU
		{82893BFB-FDB8-4ECD-8327-DB252EEF0109}.Release|Any CPU.Build.0 = Release|Any CPU
	EndGlobalSection
	GlobalSection(SolutionProperties) = preSolution
		HideSolutionNode = FALSE
	EndGlobalSection
	GlobalSection(ExtensibilityGlobals) = postSolution
		SolutionGuid = {961ED234-77B3-42B4-BF5C-B0CD4E4C5253}
	EndGlobalSection
EndGlobal
