
Microsoft Visual Studio Solution File, Format Version 12.00
# Visual Studio Version 16
VisualStudioVersion = 16.0.32602.291
MinimumVisualStudioVersion = 10.0.40219.1
Project("{FAE04EC0-301F-11D3-BF4B-00C04F79EFBC}") = "Codigo_048", "Codigo_048\Codigo_048.csproj", "{43B24D9C-0074-4295-8300-317BFE19B7AB}"
EndProject
Global
	GlobalSection(SolutionConfigurationPlatforms) = preSolution
		Debug|Any CPU = Debug|Any CPU
		Release|Any CPU = Release|Any CPU
	EndGlobalSection
	GlobalSection(ProjectConfigurationPlatforms) = postSolution
		{43B24D9C-0074-4295-8300-317BFE19B7AB}.Debug|Any CPU.ActiveCfg = Debug|Any CPU
		{43B24D9C-0074-4295-8300-317BFE19B7AB}.Debug|Any CPU.Build.0 = Debug|Any CPU
		{43B24D9C-0074-4295-8300-317BFE19B7AB}.Release|Any CPU.ActiveCfg = Release|Any CPU
		{43B24D9C-0074-4295-8300-317BFE19B7AB}.Release|Any CPU.Build.0 = Release|Any CPU
	EndGlobalSection
	GlobalSection(SolutionProperties) = preSolution
		HideSolutionNode = FALSE
	EndGlobalSection
	GlobalSection(ExtensibilityGlobals) = postSolution
		SolutionGuid = {896BAFBC-3CD7-48FF-A0DA-8BC4F65B3B84}
	EndGlobalSection
EndGlobal
