
Microsoft Visual Studio Solution File, Format Version 12.00
# Visual Studio Version 16
VisualStudioVersion = 16.0.32602.291
MinimumVisualStudioVersion = 10.0.40219.1
Project("{FAE04EC0-301F-11D3-BF4B-00C04F79EFBC}") = "Codigo_053", "Codigo_053\Codigo_053.csproj", "{22D75BEE-DF94-4914-896F-EFEEE6809B01}"
EndProject
Global
	GlobalSection(SolutionConfigurationPlatforms) = preSolution
		Debug|Any CPU = Debug|Any CPU
		Release|Any CPU = Release|Any CPU
	EndGlobalSection
	GlobalSection(ProjectConfigurationPlatforms) = postSolution
		{22D75BEE-DF94-4914-896F-EFEEE6809B01}.Debug|Any CPU.ActiveCfg = Debug|Any CPU
		{22D75BEE-DF94-4914-896F-EFEEE6809B01}.Debug|Any CPU.Build.0 = Debug|Any CPU
		{22D75BEE-DF94-4914-896F-EFEEE6809B01}.Release|Any CPU.ActiveCfg = Release|Any CPU
		{22D75BEE-DF94-4914-896F-EFEEE6809B01}.Release|Any CPU.Build.0 = Release|Any CPU
	EndGlobalSection
	GlobalSection(SolutionProperties) = preSolution
		HideSolutionNode = FALSE
	EndGlobalSection
	GlobalSection(ExtensibilityGlobals) = postSolution
		SolutionGuid = {B85CEDAC-CE0C-4DCF-8B82-5D17D4B42037}
	EndGlobalSection
EndGlobal
