
Microsoft Visual Studio Solution File, Format Version 12.00
# Visual Studio Version 16
VisualStudioVersion = 16.0.32510.428
MinimumVisualStudioVersion = 10.0.40219.1
Project("{FAE04EC0-301F-11D3-BF4B-00C04F79EFBC}") = "Codigo_087", "Codigo_087\Codigo_087.csproj", "{B679F16B-A2E8-46B1-B6D4-2929E0B568EA}"
EndProject
Global
	GlobalSection(SolutionConfigurationPlatforms) = preSolution
		Debug|Any CPU = Debug|Any CPU
		Release|Any CPU = Release|Any CPU
	EndGlobalSection
	GlobalSection(ProjectConfigurationPlatforms) = postSolution
		{B679F16B-A2E8-46B1-B6D4-2929E0B568EA}.Debug|Any CPU.ActiveCfg = Debug|Any CPU
		{B679F16B-A2E8-46B1-B6D4-2929E0B568EA}.Debug|Any CPU.Build.0 = Debug|Any CPU
		{B679F16B-A2E8-46B1-B6D4-2929E0B568EA}.Release|Any CPU.ActiveCfg = Release|Any CPU
		{B679F16B-A2E8-46B1-B6D4-2929E0B568EA}.Release|Any CPU.Build.0 = Release|Any CPU
	EndGlobalSection
	GlobalSection(SolutionProperties) = preSolution
		HideSolutionNode = FALSE
	EndGlobalSection
	GlobalSection(ExtensibilityGlobals) = postSolution
		SolutionGuid = {0EB87B9B-6895-4F7D-9502-366C710D4D09}
	EndGlobalSection
EndGlobal
