
Microsoft Visual Studio Solution File, Format Version 12.00
# Visual Studio Version 16
VisualStudioVersion = 16.0.32602.291
MinimumVisualStudioVersion = 10.0.40219.1
Project("{FAE04EC0-301F-11D3-BF4B-00C04F79EFBC}") = "Codigo_072", "Codigo_072\Codigo_072.csproj", "{BD563E62-37FA-481C-88AC-C2E92C4B5989}"
EndProject
Global
	GlobalSection(SolutionConfigurationPlatforms) = preSolution
		Debug|Any CPU = Debug|Any CPU
		Release|Any CPU = Release|Any CPU
	EndGlobalSection
	GlobalSection(ProjectConfigurationPlatforms) = postSolution
		{BD563E62-37FA-481C-88AC-C2E92C4B5989}.Debug|Any CPU.ActiveCfg = Debug|Any CPU
		{BD563E62-37FA-481C-88AC-C2E92C4B5989}.Debug|Any CPU.Build.0 = Debug|Any CPU
		{BD563E62-37FA-481C-88AC-C2E92C4B5989}.Release|Any CPU.ActiveCfg = Release|Any CPU
		{BD563E62-37FA-481C-88AC-C2E92C4B5989}.Release|Any CPU.Build.0 = Release|Any CPU
	EndGlobalSection
	GlobalSection(SolutionProperties) = preSolution
		HideSolutionNode = FALSE
	EndGlobalSection
	GlobalSection(ExtensibilityGlobals) = postSolution
		SolutionGuid = {26088A8A-5428-43C2-8926-93053470D3E3}
	EndGlobalSection
EndGlobal
