
Microsoft Visual Studio Solution File, Format Version 12.00
# Visual Studio Version 16
VisualStudioVersion = 16.0.33027.164
MinimumVisualStudioVersion = 10.0.40219.1
Project("{FAE04EC0-301F-11D3-BF4B-00C04F79EFBC}") = "Codigo_112", "Codigo_112\Codigo_112.csproj", "{D1FB3AE6-B27E-4065-B1AC-A73703AB478D}"
EndProject
Global
	GlobalSection(SolutionConfigurationPlatforms) = preSolution
		Debug|Any CPU = Debug|Any CPU
		Release|Any CPU = Release|Any CPU
	EndGlobalSection
	GlobalSection(ProjectConfigurationPlatforms) = postSolution
		{D1FB3AE6-B27E-4065-B1AC-A73703AB478D}.Debug|Any CPU.ActiveCfg = Debug|Any CPU
		{D1FB3AE6-B27E-4065-B1AC-A73703AB478D}.Debug|Any CPU.Build.0 = Debug|Any CPU
		{D1FB3AE6-B27E-4065-B1AC-A73703AB478D}.Release|Any CPU.ActiveCfg = Release|Any CPU
		{D1FB3AE6-B27E-4065-B1AC-A73703AB478D}.Release|Any CPU.Build.0 = Release|Any CPU
	EndGlobalSection
	GlobalSection(SolutionProperties) = preSolution
		HideSolutionNode = FALSE
	EndGlobalSection
	GlobalSection(ExtensibilityGlobals) = postSolution
		SolutionGuid = {2D92B9E4-5A14-4BE5-95B3-BDCEFC925106}
	EndGlobalSection
EndGlobal
