
Microsoft Visual Studio Solution File, Format Version 12.00
# Visual Studio Version 16
VisualStudioVersion = 16.0.32510.428
MinimumVisualStudioVersion = 10.0.40219.1
Project("{FAE04EC0-301F-11D3-BF4B-00C04F79EFBC}") = "Codigo_106", "Codigo_106\Codigo_106.csproj", "{000769DB-CD9E-4966-B6BC-0FB35EE45425}"
EndProject
Global
	GlobalSection(SolutionConfigurationPlatforms) = preSolution
		Debug|Any CPU = Debug|Any CPU
		Release|Any CPU = Release|Any CPU
	EndGlobalSection
	GlobalSection(ProjectConfigurationPlatforms) = postSolution
		{000769DB-CD9E-4966-B6BC-0FB35EE45425}.Debug|Any CPU.ActiveCfg = Debug|Any CPU
		{000769DB-CD9E-4966-B6BC-0FB35EE45425}.Debug|Any CPU.Build.0 = Debug|Any CPU
		{000769DB-CD9E-4966-B6BC-0FB35EE45425}.Release|Any CPU.ActiveCfg = Release|Any CPU
		{000769DB-CD9E-4966-B6BC-0FB35EE45425}.Release|Any CPU.Build.0 = Release|Any CPU
	EndGlobalSection
	GlobalSection(SolutionProperties) = preSolution
		HideSolutionNode = FALSE
	EndGlobalSection
	GlobalSection(ExtensibilityGlobals) = postSolution
		SolutionGuid = {E00C4FDC-3A5C-4917-A6E2-5EDC54D17585}
	EndGlobalSection
EndGlobal
