
Microsoft Visual Studio Solution File, Format Version 12.00
# Visual Studio Version 16
VisualStudioVersion = 16.0.32602.291
MinimumVisualStudioVersion = 10.0.40219.1
Project("{FAE04EC0-301F-11D3-BF4B-00C04F79EFBC}") = "Codigo_013", "Codigo_013\Codigo_013.csproj", "{3B9E8F60-51A2-43B1-95F6-992B2606DD11}"
EndProject
Global
	GlobalSection(SolutionConfigurationPlatforms) = preSolution
		Debug|Any CPU = Debug|Any CPU
		Release|Any CPU = Release|Any CPU
	EndGlobalSection
	GlobalSection(ProjectConfigurationPlatforms) = postSolution
		{3B9E8F60-51A2-43B1-95F6-992B2606DD11}.Debug|Any CPU.ActiveCfg = Debug|Any CPU
		{3B9E8F60-51A2-43B1-95F6-992B2606DD11}.Debug|Any CPU.Build.0 = Debug|Any CPU
		{3B9E8F60-51A2-43B1-95F6-992B2606DD11}.Release|Any CPU.ActiveCfg = Release|Any CPU
		{3B9E8F60-51A2-43B1-95F6-992B2606DD11}.Release|Any CPU.Build.0 = Release|Any CPU
	EndGlobalSection
	GlobalSection(SolutionProperties) = preSolution
		HideSolutionNode = FALSE
	EndGlobalSection
	GlobalSection(ExtensibilityGlobals) = postSolution
		SolutionGuid = {035BAA01-A7D2-41FF-B998-73AD5AE35EF1}
	EndGlobalSection
EndGlobal
