
Microsoft Visual Studio Solution File, Format Version 12.00
# Visual Studio Version 16
VisualStudioVersion = 16.0.32602.291
MinimumVisualStudioVersion = 10.0.40219.1
Project("{FAE04EC0-301F-11D3-BF4B-00C04F79EFBC}") = "Codigo_074", "Codigo_074\Codigo_074.csproj", "{899CCCE1-A10A-4A81-95B4-08BB7575F2ED}"
EndProject
Global
	GlobalSection(SolutionConfigurationPlatforms) = preSolution
		Debug|Any CPU = Debug|Any CPU
		Release|Any CPU = Release|Any CPU
	EndGlobalSection
	GlobalSection(ProjectConfigurationPlatforms) = postSolution
		{899CCCE1-A10A-4A81-95B4-08BB7575F2ED}.Debug|Any CPU.ActiveCfg = Debug|Any CPU
		{899CCCE1-A10A-4A81-95B4-08BB7575F2ED}.Debug|Any CPU.Build.0 = Debug|Any CPU
		{899CCCE1-A10A-4A81-95B4-08BB7575F2ED}.Release|Any CPU.ActiveCfg = Release|Any CPU
		{899CCCE1-A10A-4A81-95B4-08BB7575F2ED}.Release|Any CPU.Build.0 = Release|Any CPU
	EndGlobalSection
	GlobalSection(SolutionProperties) = preSolution
		HideSolutionNode = FALSE
	EndGlobalSection
	GlobalSection(ExtensibilityGlobals) = postSolution
		SolutionGuid = {33868B91-CB65-42C9-BA6A-796F3EF431E4}
	EndGlobalSection
EndGlobal
