
Microsoft Visual Studio Solution File, Format Version 12.00
# Visual Studio Version 16
VisualStudioVersion = 16.0.32510.428
MinimumVisualStudioVersion = 10.0.40219.1
Project("{FAE04EC0-301F-11D3-BF4B-00C04F79EFBC}") = "Codigo_011", "Codigo_011\Codigo_011.csproj", "{F4FA4788-456C-4174-AA42-DF9C78AD22AD}"
EndProject
Global
	GlobalSection(SolutionConfigurationPlatforms) = preSolution
		Debug|Any CPU = Debug|Any CPU
		Release|Any CPU = Release|Any CPU
	EndGlobalSection
	GlobalSection(ProjectConfigurationPlatforms) = postSolution
		{F4FA4788-456C-4174-AA42-DF9C78AD22AD}.Debug|Any CPU.ActiveCfg = Debug|Any CPU
		{F4FA4788-456C-4174-AA42-DF9C78AD22AD}.Debug|Any CPU.Build.0 = Debug|Any CPU
		{F4FA4788-456C-4174-AA42-DF9C78AD22AD}.Release|Any CPU.ActiveCfg = Release|Any CPU
		{F4FA4788-456C-4174-AA42-DF9C78AD22AD}.Release|Any CPU.Build.0 = Release|Any CPU
	EndGlobalSection
	GlobalSection(SolutionProperties) = preSolution
		HideSolutionNode = FALSE
	EndGlobalSection
	GlobalSection(ExtensibilityGlobals) = postSolution
		SolutionGuid = {2787EBAA-1B46-4BC8-97EB-BB4545111C17}
	EndGlobalSection
EndGlobal
