
Microsoft Visual Studio Solution File, Format Version 12.00
# Visual Studio Version 16
VisualStudioVersion = 16.0.32602.291
MinimumVisualStudioVersion = 10.0.40219.1
Project("{FAE04EC0-301F-11D3-BF4B-00C04F79EFBC}") = "Xadrez", "Xadrez\Xadrez.csproj", "{08EF1A0C-EA9E-4F94-9545-8A38439E349D}"
EndProject
Global
	GlobalSection(SolutionConfigurationPlatforms) = preSolution
		Debug|Any CPU = Debug|Any CPU
		Release|Any CPU = Release|Any CPU
	EndGlobalSection
	GlobalSection(ProjectConfigurationPlatforms) = postSolution
		{08EF1A0C-EA9E-4F94-9545-8A38439E349D}.Debug|Any CPU.ActiveCfg = Debug|Any CPU
		{08EF1A0C-EA9E-4F94-9545-8A38439E349D}.Debug|Any CPU.Build.0 = Debug|Any CPU
		{08EF1A0C-EA9E-4F94-9545-8A38439E349D}.Release|Any CPU.ActiveCfg = Release|Any CPU
		{08EF1A0C-EA9E-4F94-9545-8A38439E349D}.Release|Any CPU.Build.0 = Release|Any CPU
	EndGlobalSection
	GlobalSection(SolutionProperties) = preSolution
		HideSolutionNode = FALSE
	EndGlobalSection
	GlobalSection(ExtensibilityGlobals) = postSolution
		SolutionGuid = {74D8043B-C961-4C7E-BA50-A8658A784BF5}
	EndGlobalSection
EndGlobal
