
Microsoft Visual Studio Solution File, Format Version 12.00
# Visual Studio Version 16
VisualStudioVersion = 16.0.32510.428
MinimumVisualStudioVersion = 10.0.40219.1
Project("{FAE04EC0-301F-11D3-BF4B-00C04F79EFBC}") = "Codigo_067", "Codigo_067\Codigo_067.csproj", "{BAB350AF-A184-47C2-824E-30DF7AFA4CF7}"
EndProject
Global
	GlobalSection(SolutionConfigurationPlatforms) = preSolution
		Debug|Any CPU = Debug|Any CPU
		Release|Any CPU = Release|Any CPU
	EndGlobalSection
	GlobalSection(ProjectConfigurationPlatforms) = postSolution
		{BAB350AF-A184-47C2-824E-30DF7AFA4CF7}.Debug|Any CPU.ActiveCfg = Debug|Any CPU
		{BAB350AF-A184-47C2-824E-30DF7AFA4CF7}.Debug|Any CPU.Build.0 = Debug|Any CPU
		{BAB350AF-A184-47C2-824E-30DF7AFA4CF7}.Release|Any CPU.ActiveCfg = Release|Any CPU
		{BAB350AF-A184-47C2-824E-30DF7AFA4CF7}.Release|Any CPU.Build.0 = Release|Any CPU
	EndGlobalSection
	GlobalSection(SolutionProperties) = preSolution
		HideSolutionNode = FALSE
	EndGlobalSection
	GlobalSection(ExtensibilityGlobals) = postSolution
		SolutionGuid = {780626D1-C665-489F-8963-C33AB79C1DBA}
	EndGlobalSection
EndGlobal
