
Microsoft Visual Studio Solution File, Format Version 12.00
# Visual Studio Version 16
VisualStudioVersion = 16.0.33027.164
MinimumVisualStudioVersion = 10.0.40219.1
Project("{FAE04EC0-301F-11D3-BF4B-00C04F79EFBC}") = "Codigo_117", "Codigo_117\Codigo_117.csproj", "{2D89A1BF-AB3D-4F11-88F2-B0BDA9262A7A}"
EndProject
Global
	GlobalSection(SolutionConfigurationPlatforms) = preSolution
		Debug|Any CPU = Debug|Any CPU
		Release|Any CPU = Release|Any CPU
	EndGlobalSection
	GlobalSection(ProjectConfigurationPlatforms) = postSolution
		{2D89A1BF-AB3D-4F11-88F2-B0BDA9262A7A}.Debug|Any CPU.ActiveCfg = Debug|Any CPU
		{2D89A1BF-AB3D-4F11-88F2-B0BDA9262A7A}.Debug|Any CPU.Build.0 = Debug|Any CPU
		{2D89A1BF-AB3D-4F11-88F2-B0BDA9262A7A}.Release|Any CPU.ActiveCfg = Release|Any CPU
		{2D89A1BF-AB3D-4F11-88F2-B0BDA9262A7A}.Release|Any CPU.Build.0 = Release|Any CPU
	EndGlobalSection
	GlobalSection(SolutionProperties) = preSolution
		HideSolutionNode = FALSE
	EndGlobalSection
	GlobalSection(ExtensibilityGlobals) = postSolution
		SolutionGuid = {0108FC7E-39A0-465A-8F29-29509E8204D5}
	EndGlobalSection
EndGlobal
