
Microsoft Visual Studio Solution File, Format Version 12.00
# Visual Studio Version 16
VisualStudioVersion = 16.0.33027.164
MinimumVisualStudioVersion = 10.0.40219.1
Project("{FAE04EC0-301F-11D3-BF4B-00C04F79EFBC}") = "Codigo_099", "Codigo_099\Codigo_099.csproj", "{BEAFAB2D-5C0F-41F2-9A68-7B69E0B0D6F2}"
EndProject
Global
	GlobalSection(SolutionConfigurationPlatforms) = preSolution
		Debug|Any CPU = Debug|Any CPU
		Release|Any CPU = Release|Any CPU
	EndGlobalSection
	GlobalSection(ProjectConfigurationPlatforms) = postSolution
		{BEAFAB2D-5C0F-41F2-9A68-7B69E0B0D6F2}.Debug|Any CPU.ActiveCfg = Debug|Any CPU
		{BEAFAB2D-5C0F-41F2-9A68-7B69E0B0D6F2}.Debug|Any CPU.Build.0 = Debug|Any CPU
		{BEAFAB2D-5C0F-41F2-9A68-7B69E0B0D6F2}.Release|Any CPU.ActiveCfg = Release|Any CPU
		{BEAFAB2D-5C0F-41F2-9A68-7B69E0B0D6F2}.Release|Any CPU.Build.0 = Release|Any CPU
	EndGlobalSection
	GlobalSection(SolutionProperties) = preSolution
		HideSolutionNode = FALSE
	EndGlobalSection
	GlobalSection(ExtensibilityGlobals) = postSolution
		SolutionGuid = {1324BC97-168F-4329-B12D-081001C43567}
	EndGlobalSection
EndGlobal
