
Microsoft Visual Studio Solution File, Format Version 12.00
# Visual Studio Version 16
VisualStudioVersion = 16.0.33027.164
MinimumVisualStudioVersion = 10.0.40219.1
Project("{FAE04EC0-301F-11D3-BF4B-00C04F79EFBC}") = "Codigo_116", "Codigo_116\Codigo_116.csproj", "{16AD0D1E-ABA9-420F-881F-0DD257687C73}"
EndProject
Global
	GlobalSection(SolutionConfigurationPlatforms) = preSolution
		Debug|Any CPU = Debug|Any CPU
		Release|Any CPU = Release|Any CPU
	EndGlobalSection
	GlobalSection(ProjectConfigurationPlatforms) = postSolution
		{16AD0D1E-ABA9-420F-881F-0DD257687C73}.Debug|Any CPU.ActiveCfg = Debug|Any CPU
		{16AD0D1E-ABA9-420F-881F-0DD257687C73}.Debug|Any CPU.Build.0 = Debug|Any CPU
		{16AD0D1E-ABA9-420F-881F-0DD257687C73}.Release|Any CPU.ActiveCfg = Release|Any CPU
		{16AD0D1E-ABA9-420F-881F-0DD257687C73}.Release|Any CPU.Build.0 = Release|Any CPU
	EndGlobalSection
	GlobalSection(SolutionProperties) = preSolution
		HideSolutionNode = FALSE
	EndGlobalSection
	GlobalSection(ExtensibilityGlobals) = postSolution
		SolutionGuid = {D088B268-044B-4081-B651-FB00250BBB7D}
	EndGlobalSection
EndGlobal
