
Microsoft Visual Studio Solution File, Format Version 12.00
# Visual Studio Version 16
VisualStudioVersion = 16.0.32602.291
MinimumVisualStudioVersion = 10.0.40219.1
Project("{FAE04EC0-301F-11D3-BF4B-00C04F79EFBC}") = "Codigo_058", "Codigo_058\Codigo_058.csproj", "{C64C5BC9-22C3-4B27-8108-3A5893E71CD7}"
EndProject
Global
	GlobalSection(SolutionConfigurationPlatforms) = preSolution
		Debug|Any CPU = Debug|Any CPU
		Release|Any CPU = Release|Any CPU
	EndGlobalSection
	GlobalSection(ProjectConfigurationPlatforms) = postSolution
		{C64C5BC9-22C3-4B27-8108-3A5893E71CD7}.Debug|Any CPU.ActiveCfg = Debug|Any CPU
		{C64C5BC9-22C3-4B27-8108-3A5893E71CD7}.Debug|Any CPU.Build.0 = Debug|Any CPU
		{C64C5BC9-22C3-4B27-8108-3A5893E71CD7}.Release|Any CPU.ActiveCfg = Release|Any CPU
		{C64C5BC9-22C3-4B27-8108-3A5893E71CD7}.Release|Any CPU.Build.0 = Release|Any CPU
	EndGlobalSection
	GlobalSection(SolutionProperties) = preSolution
		HideSolutionNode = FALSE
	EndGlobalSection
	GlobalSection(ExtensibilityGlobals) = postSolution
		SolutionGuid = {390AB4CF-EF9F-4ACA-9D32-93C911D0D4FD}
	EndGlobalSection
EndGlobal
