
Microsoft Visual Studio Solution File, Format Version 12.00
# Visual Studio Version 16
VisualStudioVersion = 16.0.32510.428
MinimumVisualStudioVersion = 10.0.40219.1
Project("{FAE04EC0-301F-11D3-BF4B-00C04F79EFBC}") = "Codigo_034", "Codigo_034\Codigo_034.csproj", "{03C615CF-4373-4ECD-AA68-9C3C750A3887}"
EndProject
Global
	GlobalSection(SolutionConfigurationPlatforms) = preSolution
		Debug|Any CPU = Debug|Any CPU
		Release|Any CPU = Release|Any CPU
	EndGlobalSection
	GlobalSection(ProjectConfigurationPlatforms) = postSolution
		{03C615CF-4373-4ECD-AA68-9C3C750A3887}.Debug|Any CPU.ActiveCfg = Debug|Any CPU
		{03C615CF-4373-4ECD-AA68-9C3C750A3887}.Debug|Any CPU.Build.0 = Debug|Any CPU
		{03C615CF-4373-4ECD-AA68-9C3C750A3887}.Release|Any CPU.ActiveCfg = Release|Any CPU
		{03C615CF-4373-4ECD-AA68-9C3C750A3887}.Release|Any CPU.Build.0 = Release|Any CPU
	EndGlobalSection
	GlobalSection(SolutionProperties) = preSolution
		HideSolutionNode = FALSE
	EndGlobalSection
	GlobalSection(ExtensibilityGlobals) = postSolution
		SolutionGuid = {37961214-B13C-4712-B72D-F53EDEF59221}
	EndGlobalSection
EndGlobal
